
Microsoft Visual Studio Solution File, Format Version 12.00
# Visual Studio Version 16
VisualStudioVersion = 16.0.31402.337
MinimumVisualStudioVersion = 10.0.40219.1
Project("{FAE04EC0-301F-11D3-BF4B-00C04F79EFBC}") = "lab1", "lab1.csproj", "{ACAB2E0E-99D6-4F38-B048-F632789B4CDE}"
EndProject
Global
	GlobalSection(SolutionConfigurationPlatforms) = preSolution
		Debug|Any CPU = Debug|Any CPU
		Release|Any CPU = Release|Any CPU
	EndGlobalSection
	GlobalSection(ProjectConfigurationPlatforms) = postSolution
		{ACAB2E0E-99D6-4F38-B048-F632789B4CDE}.Debug|Any CPU.ActiveCfg = Debug|Any CPU
		{ACAB2E0E-99D6-4F38-B048-F632789B4CDE}.Debug|Any CPU.Build.0 = Debug|Any CPU
		{ACAB2E0E-99D6-4F38-B048-F632789B4CDE}.Release|Any CPU.ActiveCfg = Release|Any CPU
		{ACAB2E0E-99D6-4F38-B048-F632789B4CDE}.Release|Any CPU.Build.0 = Release|Any CPU
	EndGlobalSection
	GlobalSection(SolutionProperties) = preSolution
		HideSolutionNode = FALSE
	EndGlobalSection
	GlobalSection(ExtensibilityGlobals) = postSolution
		SolutionGuid = {10D7CBE3-9017-468F-B4DA-8E690302DF50}
	EndGlobalSection
EndGlobal
