
Microsoft Visual Studio Solution File, Format Version 12.00
# Visual Studio 15
VisualStudioVersion = 15.0.28307.1401
MinimumVisualStudioVersion = 10.0.40219.1
Project("{FAE04EC0-301F-11D3-BF4B-00C04F79EFBC}") = "ConsoleApp2", "ConsoleApp2\ConsoleApp2.csproj", "{E7B70934-43F7-4486-A66E-2F69FA9CA628}"
EndProject
Global
	GlobalSection(SolutionConfigurationPlatforms) = preSolution
		Debug|Any CPU = Debug|Any CPU
		Release|Any CPU = Release|Any CPU
	EndGlobalSection
	GlobalSection(ProjectConfigurationPlatforms) = postSolution
		{E7B70934-43F7-4486-A66E-2F69FA9CA628}.Debug|Any CPU.ActiveCfg = Debug|Any CPU
		{E7B70934-43F7-4486-A66E-2F69FA9CA628}.Debug|Any CPU.Build.0 = Debug|Any CPU
		{E7B70934-43F7-4486-A66E-2F69FA9CA628}.Release|Any CPU.ActiveCfg = Release|Any CPU
		{E7B70934-43F7-4486-A66E-2F69FA9CA628}.Release|Any CPU.Build.0 = Release|Any CPU
	EndGlobalSection
	GlobalSection(SolutionProperties) = preSolution
		HideSolutionNode = FALSE
	EndGlobalSection
	GlobalSection(ExtensibilityGlobals) = postSolution
		SolutionGuid = {A5594B08-F3CB-4746-8158-F0E45C359CE7}
	EndGlobalSection
EndGlobal
